
Microsoft Visual Studio Solution File, Format Version 12.00
# Visual Studio Version 16
VisualStudioVersion = 16.0.29806.167
MinimumVisualStudioVersion = 10.0.40219.1
Project("{FAE04EC0-301F-11D3-BF4B-00C04F79EFBC}") = "Shapes", "Shapes\Shapes.csproj", "{05871568-1F50-44F1-ABC5-05530E9565B4}"
EndProject
Project("{FAE04EC0-301F-11D3-BF4B-00C04F79EFBC}") = "Shapes.Presenters", "Shapes.Presenters\Shapes.Presenters.csproj", "{9174391A-CA2A-4E23-AD0D-751E9FC1A97A}"
EndProject
Project("{FAE04EC0-301F-11D3-BF4B-00C04F79EFBC}") = "Shapes.Model", "Shapes.Model\Shapes.Model.csproj", "{5F39BF05-E896-42C3-88F4-D48EC7DF73EA}"
EndProject
Project("{2150E333-8FDC-42A3-9474-1A3956D46DE8}") = "Solution Items", "Solution Items", "{5EE6E53E-7872-4908-ACBB-C314DED745B6}"
	ProjectSection(SolutionItems) = preProject
		ReadMe.txt = ReadMe.txt
	EndProjectSection
EndProject
Global
	GlobalSection(SolutionConfigurationPlatforms) = preSolution
		Debug|Any CPU = Debug|Any CPU
		Release|Any CPU = Release|Any CPU
	EndGlobalSection
	GlobalSection(ProjectConfigurationPlatforms) = postSolution
		{05871568-1F50-44F1-ABC5-05530E9565B4}.Debug|Any CPU.ActiveCfg = Debug|Any CPU
		{05871568-1F50-44F1-ABC5-05530E9565B4}.Debug|Any CPU.Build.0 = Debug|Any CPU
		{05871568-1F50-44F1-ABC5-05530E9565B4}.Release|Any CPU.ActiveCfg = Release|Any CPU
		{05871568-1F50-44F1-ABC5-05530E9565B4}.Release|Any CPU.Build.0 = Release|Any CPU
		{9174391A-CA2A-4E23-AD0D-751E9FC1A97A}.Debug|Any CPU.ActiveCfg = Debug|Any CPU
		{9174391A-CA2A-4E23-AD0D-751E9FC1A97A}.Debug|Any CPU.Build.0 = Debug|Any CPU
		{9174391A-CA2A-4E23-AD0D-751E9FC1A97A}.Release|Any CPU.ActiveCfg = Release|Any CPU
		{9174391A-CA2A-4E23-AD0D-751E9FC1A97A}.Release|Any CPU.Build.0 = Release|Any CPU
		{5F39BF05-E896-42C3-88F4-D48EC7DF73EA}.Debug|Any CPU.ActiveCfg = Debug|Any CPU
		{5F39BF05-E896-42C3-88F4-D48EC7DF73EA}.Debug|Any CPU.Build.0 = Debug|Any CPU
		{5F39BF05-E896-42C3-88F4-D48EC7DF73EA}.Release|Any CPU.ActiveCfg = Release|Any CPU
		{5F39BF05-E896-42C3-88F4-D48EC7DF73EA}.Release|Any CPU.Build.0 = Release|Any CPU
	EndGlobalSection
	GlobalSection(SolutionProperties) = preSolution
		HideSolutionNode = FALSE
	EndGlobalSection
	GlobalSection(ExtensibilityGlobals) = postSolution
		SolutionGuid = {39DAE202-42C8-42E5-8070-2CF7B81BCD08}
	EndGlobalSection
EndGlobal
